
Microsoft Visual Studio Solution File, Format Version 12.00
# Visual Studio Version 16
VisualStudioVersion = 16.0.29709.97
MinimumVisualStudioVersion = 10.0.40219.1
Project("{9A19103F-16F7-4668-BE54-9A1E7A4F7556}") = "Pi3", "Pi3.csproj", "{72AA61D5-6DF4-40BA-A51A-AEC2E76E1931}"
EndProject
Global
	GlobalSection(SolutionConfigurationPlatforms) = preSolution
		Debug|Any CPU = Debug|Any CPU
		Release|Any CPU = Release|Any CPU
	EndGlobalSection
	GlobalSection(ProjectConfigurationPlatforms) = postSolution
		{72AA61D5-6DF4-40BA-A51A-AEC2E76E1931}.Debug|Any CPU.ActiveCfg = Debug|Any CPU
		{72AA61D5-6DF4-40BA-A51A-AEC2E76E1931}.Debug|Any CPU.Build.0 = Debug|Any CPU
		{72AA61D5-6DF4-40BA-A51A-AEC2E76E1931}.Release|Any CPU.ActiveCfg = Release|Any CPU
		{72AA61D5-6DF4-40BA-A51A-AEC2E76E1931}.Release|Any CPU.Build.0 = Release|Any CPU
	EndGlobalSection
	GlobalSection(SolutionProperties) = preSolution
		HideSolutionNode = FALSE
	EndGlobalSection
	GlobalSection(ExtensibilityGlobals) = postSolution
		SolutionGuid = {1A06AAB2-DC04-4357-8CD0-1BDB88D44A09}
	EndGlobalSection
EndGlobal
